
Microsoft Visual Studio Solution File, Format Version 12.00
# Visual Studio 2013
VisualStudioVersion = 12.0.21005.1
MinimumVisualStudioVersion = 10.0.40219.1
Project("{8BC9CEB8-8B4A-11D0-8D11-00A0C91BC942}") = "test_2022_2_8", "test_2022_2_8\test_2022_2_8.vcxproj", "{72B58A6F-D764-41C1-B60C-5D2F6856154E}"
EndProject
Global
	GlobalSection(SolutionConfigurationPlatforms) = preSolution
		Debug|Win32 = Debug|Win32
		Release|Win32 = Release|Win32
	EndGlobalSection
	GlobalSection(ProjectConfigurationPlatforms) = postSolution
		{72B58A6F-D764-41C1-B60C-5D2F6856154E}.Debug|Win32.ActiveCfg = Debug|Win32
		{72B58A6F-D764-41C1-B60C-5D2F6856154E}.Debug|Win32.Build.0 = Debug|Win32
		{72B58A6F-D764-41C1-B60C-5D2F6856154E}.Release|Win32.ActiveCfg = Release|Win32
		{72B58A6F-D764-41C1-B60C-5D2F6856154E}.Release|Win32.Build.0 = Release|Win32
	EndGlobalSection
	GlobalSection(SolutionProperties) = preSolution
		HideSolutionNode = FALSE
	EndGlobalSection
EndGlobal
